
Microsoft Visual Studio Solution File, Format Version 12.00
# Visual Studio Version 17
VisualStudioVersion = 17.9.34622.214
MinimumVisualStudioVersion = 10.0.40219.1
Project("{FAE04EC0-301F-11D3-BF4B-00C04F79EFBC}") = "Week14OOPAndFiles", "Week14OOPAndFiles\Week14OOPAndFiles.csproj", "{746B3632-8E53-4377-B8C7-2B70B3732662}"
EndProject
Global
	GlobalSection(SolutionConfigurationPlatforms) = preSolution
		Debug|Any CPU = Debug|Any CPU
		Release|Any CPU = Release|Any CPU
	EndGlobalSection
	GlobalSection(ProjectConfigurationPlatforms) = postSolution
		{746B3632-8E53-4377-B8C7-2B70B3732662}.Debug|Any CPU.ActiveCfg = Debug|Any CPU
		{746B3632-8E53-4377-B8C7-2B70B3732662}.Debug|Any CPU.Build.0 = Debug|Any CPU
		{746B3632-8E53-4377-B8C7-2B70B3732662}.Release|Any CPU.ActiveCfg = Release|Any CPU
		{746B3632-8E53-4377-B8C7-2B70B3732662}.Release|Any CPU.Build.0 = Release|Any CPU
	EndGlobalSection
	GlobalSection(SolutionProperties) = preSolution
		HideSolutionNode = FALSE
	EndGlobalSection
	GlobalSection(ExtensibilityGlobals) = postSolution
		SolutionGuid = {D548B707-A792-4781-BC54-BE448708B581}
	EndGlobalSection
EndGlobal
